lockfileVersion: '9.0'

settings:
  autoInstallPeers: true
  excludeLinksFromLockfile: false

importers:

  .:
    dependencies:
      dotenv:
        specifier: ^17.2.3
        version: 17.2.3
      zod:
        specifier: ^3.22.0
        version: 3.25.76
    devDependencies:
      '@ai-sdk/openai':
        specifier: ^2.0.65
        version: 2.0.89(zod@3.25.76)
      '@types/node':
        specifier: ^20.0.0
        version: 20.19.30
      ai:
        specifier: ^5.0.83
        version: 5.0.121(zod@3.25.76)
      typescript:
        specifier: ^5.0.0
        version: 5.9.3

packages:

  '@ai-sdk/gateway@2.0.27':
    resolution: {integrity: sha512-8hbezMsGa0crSt7/DKjkYL1UbbJJW/UFxTfhmf5qcIeYeeWG4dTNmm+DWbUdIsTaWvp59KC4eeC9gYXBbTHd7w==}
    engines: {node: '>=18'}
    peerDependencies:
      zod: ^3.25.76 || ^4.1.8

  '@ai-sdk/openai@2.0.89':
    resolution: {integrity: sha512-4+qWkBCbL9HPKbgrUO/F2uXZ8GqrYxHa8SWEYIzxEJ9zvWw3ISr3t1/27O1i8MGSym+PzEyHBT48EV4LAwWaEw==}
    engines: {node: '>=18'}
    peerDependencies:
      zod: ^3.25.76 || ^4.1.8

  '@ai-sdk/provider-utils@3.0.20':
    resolution: {integrity: sha512-iXHVe0apM2zUEzauqJwqmpC37A5rihrStAih5Ks+JE32iTe4LZ58y17UGBjpQQTCRw9YxMeo2UFLxLpBluyvLQ==}
    engines: {node: '>=18'}
    peerDependencies:
      zod: ^3.25.76 || ^4.1.8

  '@ai-sdk/provider@2.0.1':
    resolution: {integrity: sha512-KCUwswvsC5VsW2PWFqF8eJgSCu5Ysj7m1TxiHTVA6g7k360bk0RNQENT8KTMAYEs+8fWPD3Uu4dEmzGHc+jGng==}
    engines: {node: '>=18'}

  '@opentelemetry/api@1.9.0':
    resolution: {integrity: sha512-3giAOQvZiH5F9bMlMiv8+GSPMeqg0dbaeo58/0SlA9sxSqZhnUtxzX9/2FzyhS9sWQf5S0GJE0AKBrFqjpeYcg==}
    engines: {node: '>=8.0.0'}

  '@standard-schema/spec@1.1.0':
    resolution: {integrity: sha512-l2aFy5jALhniG5HgqrD6jXLi/rUWrKvqN/qJx6yoJsgKhblVd+iqqU4RCXavm/jPityDo5TCvKMnpjKnOriy0w==}

  '@types/node@20.19.30':
    resolution: {integrity: sha512-WJtwWJu7UdlvzEAUm484QNg5eAoq5QR08KDNx7g45Usrs2NtOPiX8ugDqmKdXkyL03rBqU5dYNYVQetEpBHq2g==}

  '@vercel/oidc@3.1.0':
    resolution: {integrity: sha512-Fw28YZpRnA3cAHHDlkt7xQHiJ0fcL+NRcIqsocZQUSmbzeIKRpwttJjik5ZGanXP+vlA4SbTg+AbA3bP363l+w==}
    engines: {node: '>= 20'}

  ai@5.0.121:
    resolution: {integrity: sha512-3iYPdARKGLryC/7OA9RgBUaym1gynvWS7UPy8NwoRNCKP52lshldtHB5xcEfVviw7liWH2zJlW9yEzsDglcIEQ==}
    engines: {node: '>=18'}
    peerDependencies:
      zod: ^3.25.76 || ^4.1.8

  dotenv@17.2.3:
    resolution: {integrity: sha512-JVUnt+DUIzu87TABbhPmNfVdBDt18BLOWjMUFJMSi/Qqg7NTYtabbvSNJGOJ7afbRuv9D/lngizHtP7QyLQ+9w==}
    engines: {node: '>=12'}

  eventsource-parser@3.0.6:
    resolution: {integrity: sha512-Vo1ab+QXPzZ4tCa8SwIHJFaSzy4R6SHf7BY79rFBDf0idraZWAkYrDjDj8uWaSm3S2TK+hJ7/t1CEmZ7jXw+pg==}
    engines: {node: '>=18.0.0'}

  json-schema@0.4.0:
    resolution: {integrity: sha512-es94M3nTIfsEPisRafak+HDLfHXnKBhV3vU5eqPcS3flIWqcxJWgXHXiey3YrpaNsanY5ei1VoYEbOzijuq9BA==}

  typescript@5.9.3:
    resolution: {integrity: sha512-jl1vZzPDinLr9eUt3J/t7V6FgNEw9QjvBPdysz9KfQDD41fQrC2Y4vKQdiaUpFT4bXlb1RHhLpp8wtm6M5TgSw==}
    engines: {node: '>=14.17'}
    hasBin: true

  undici-types@6.21.0:
    resolution: {integrity: sha512-iwDZqg0QAGrg9Rav5H4n0M64c3mkR59cJ6wQp+7C4nI0gsmExaedaYLNO44eT4AtBBwjbTiGPMlt2Md0T9H9JQ==}

  zod@3.25.76:
    resolution: {integrity: sha512-gzUt/qt81nXsFGKIFcC3YnfEAx5NkunCfnDlvuBSSFS02bcXu4Lmea0AFIUwbLWxWPx3d9p8S5QoaujKcNQxcQ==}

snapshots:

  '@ai-sdk/gateway@2.0.27(zod@3.25.76)':
    dependencies:
      '@ai-sdk/provider': 2.0.1
      '@ai-sdk/provider-utils': 3.0.20(zod@3.25.76)
      '@vercel/oidc': 3.1.0
      zod: 3.25.76

  '@ai-sdk/openai@2.0.89(zod@3.25.76)':
    dependencies:
      '@ai-sdk/provider': 2.0.1
      '@ai-sdk/provider-utils': 3.0.20(zod@3.25.76)
      zod: 3.25.76

  '@ai-sdk/provider-utils@3.0.20(zod@3.25.76)':
    dependencies:
      '@ai-sdk/provider': 2.0.1
      '@standard-schema/spec': 1.1.0
      eventsource-parser: 3.0.6
      zod: 3.25.76

  '@ai-sdk/provider@2.0.1':
    dependencies:
      json-schema: 0.4.0

  '@opentelemetry/api@1.9.0': {}

  '@standard-schema/spec@1.1.0': {}

  '@types/node@20.19.30':
    dependencies:
      undici-types: 6.21.0

  '@vercel/oidc@3.1.0': {}

  ai@5.0.121(zod@3.25.76):
    dependencies:
      '@ai-sdk/gateway': 2.0.27(zod@3.25.76)
      '@ai-sdk/provider': 2.0.1
      '@ai-sdk/provider-utils': 3.0.20(zod@3.25.76)
      '@opentelemetry/api': 1.9.0
      zod: 3.25.76

  dotenv@17.2.3: {}

  eventsource-parser@3.0.6: {}

  json-schema@0.4.0: {}

  typescript@5.9.3: {}

  undici-types@6.21.0: {}

  zod@3.25.76: {}
